
Microsoft Visual Studio Solution File, Format Version 12.00
# Visual Studio Version 17
VisualStudioVersion = 17.5.33424.131
MinimumVisualStudioVersion = 10.0.40219.1
Project("{00D1A9C2-B5F0-4AF3-8072-F6C62B433612}") = "CARDEALERSHIP", "CARDEALERSHIP.sqlproj", "{A8C13233-9C6B-4AC6-991D-96778FB964CA}"
EndProject
Global
	GlobalSection(SolutionConfigurationPlatforms) = preSolution
		Debug|Any CPU = Debug|Any CPU
		Release|Any CPU = Release|Any CPU
	EndGlobalSection
	GlobalSection(ProjectConfigurationPlatforms) = postSolution
		{A8C13233-9C6B-4AC6-991D-96778FB964CA}.Debug|Any CPU.ActiveCfg = Debug|Any CPU
		{A8C13233-9C6B-4AC6-991D-96778FB964CA}.Debug|Any CPU.Build.0 = Debug|Any CPU
		{A8C13233-9C6B-4AC6-991D-96778FB964CA}.Debug|Any CPU.Deploy.0 = Debug|Any CPU
		{A8C13233-9C6B-4AC6-991D-96778FB964CA}.Release|Any CPU.ActiveCfg = Release|Any CPU
		{A8C13233-9C6B-4AC6-991D-96778FB964CA}.Release|Any CPU.Build.0 = Release|Any CPU
		{A8C13233-9C6B-4AC6-991D-96778FB964CA}.Release|Any CPU.Deploy.0 = Release|Any CPU
	EndGlobalSection
	GlobalSection(SolutionProperties) = preSolution
		HideSolutionNode = FALSE
	EndGlobalSection
	GlobalSection(ExtensibilityGlobals) = postSolution
		SolutionGuid = {08613AF9-5631-4596-9661-AF8E84EBA1E7}
	EndGlobalSection
EndGlobal
